
Microsoft Visual Studio Solution File, Format Version 12.00
# Visual Studio 15
VisualStudioVersion = 15.0.28010.2036
MinimumVisualStudioVersion = 10.0.40219.1
Project("{FAE04EC0-301F-11D3-BF4B-00C04F79EFBC}") = "capaPresentacion", "capaPresentacion\capaPresentacion.csproj", "{583A3E1C-8D84-4F8F-A409-A7471B26ED93}"
EndProject
Project("{FAE04EC0-301F-11D3-BF4B-00C04F79EFBC}") = "capaDatos", "capaDatos\capaDatos.csproj", "{CAE4E47B-DD86-4E43-89F7-DA1515BA52A3}"
EndProject
Project("{FAE04EC0-301F-11D3-BF4B-00C04F79EFBC}") = "capaNegocios", "capaNegocios\capaNegocios.csproj", "{5E714632-F61F-4F11-9BD8-E4F753893112}"
EndProject
Global
	GlobalSection(SolutionConfigurationPlatforms) = preSolution
		Debug|Any CPU = Debug|Any CPU
		Release|Any CPU = Release|Any CPU
	EndGlobalSection
	GlobalSection(ProjectConfigurationPlatforms) = postSolution
		{583A3E1C-8D84-4F8F-A409-A7471B26ED93}.Debug|Any CPU.ActiveCfg = Debug|Any CPU
		{583A3E1C-8D84-4F8F-A409-A7471B26ED93}.Debug|Any CPU.Build.0 = Debug|Any CPU
		{583A3E1C-8D84-4F8F-A409-A7471B26ED93}.Release|Any CPU.ActiveCfg = Release|Any CPU
		{583A3E1C-8D84-4F8F-A409-A7471B26ED93}.Release|Any CPU.Build.0 = Release|Any CPU
		{CAE4E47B-DD86-4E43-89F7-DA1515BA52A3}.Debug|Any CPU.ActiveCfg = Debug|Any CPU
		{CAE4E47B-DD86-4E43-89F7-DA1515BA52A3}.Debug|Any CPU.Build.0 = Debug|Any CPU
		{CAE4E47B-DD86-4E43-89F7-DA1515BA52A3}.Release|Any CPU.ActiveCfg = Release|Any CPU
		{CAE4E47B-DD86-4E43-89F7-DA1515BA52A3}.Release|Any CPU.Build.0 = Release|Any CPU
		{5E714632-F61F-4F11-9BD8-E4F753893112}.Debug|Any CPU.ActiveCfg = Debug|Any CPU
		{5E714632-F61F-4F11-9BD8-E4F753893112}.Debug|Any CPU.Build.0 = Debug|Any CPU
		{5E714632-F61F-4F11-9BD8-E4F753893112}.Release|Any CPU.ActiveCfg = Release|Any CPU
		{5E714632-F61F-4F11-9BD8-E4F753893112}.Release|Any CPU.Build.0 = Release|Any CPU
	EndGlobalSection
	GlobalSection(SolutionProperties) = preSolution
		HideSolutionNode = FALSE
	EndGlobalSection
	GlobalSection(ExtensibilityGlobals) = postSolution
		SolutionGuid = {F15A6923-1C96-4687-A1EA-CB3F3E9A5F78}
	EndGlobalSection
EndGlobal
